lockfileVersion: 5.4

specifiers:
  '@mdi/font': 7.1.96
  '@types/node': ^18.14.0
  '@types/webfontloader': ^1.6.35
  '@vitejs/plugin-vue': ^4.0.0
  '@volar/vue-language-plugin-pug': ^1.1.4
  pug: ^3.0.2
  roboto-fontface: '*'
  typescript: ^4.9.5
  vite: ^4.1.2
  vite-plugin-vuetify: ^1.0.2
  vue: ^3.2.47
  vue-router: ^4.1.6
  vue-tsc: ^1.1.4
  vuetify: ^3.1.5
  webfontloader: ^1.6.28

dependencies:
  '@mdi/font': 7.1.96
  roboto-fontface: 0.10.0
  vue: 3.2.47
  vue-router: 4.1.6_vue@3.2.47
  vuetify: 3.1.5_zhdigtlnoj4qfl4bi7c6fb2bly
  webfontloader: 1.6.28

devDependencies:
  '@types/node': 18.14.0
  '@types/webfontloader': 1.6.35
  '@vitejs/plugin-vue': 4.0.0_vite@4.1.2+vue@3.2.47
  '@volar/vue-language-plugin-pug': 1.1.4
  pug: 3.0.2
  typescript: 4.9.5
  vite: 4.1.2_@types+node@18.14.0
  vite-plugin-vuetify: 1.0.2_bzd2xmkgnfvs2h7ykv7ftxp6lq
  vue-tsc: 1.1.4_typescript@4.9.5

packages:

  /@babel/helper-string-parser/7.19.4:
    resolution: {integrity: sha512-nHtDoQcuqFmwYNYPz3Rah5ph2p8PFeFCsZk9A/48dPc/rGocJ5J3hAAZ7pb76VWX3fZKu+uEr/FhH5jLx7umrw==}
    engines: {node: '>=6.9.0'}

  /@babel/helper-validator-identifier/7.19.1:
    resolution: {integrity: sha512-awrNfaMtnHUr653GgGEs++LlAvW6w+DcPrOliSMXWCKo597CwL5Acf/wWdNkf/tfEQE3mjkeD1YOVZOUV/od1w==}
    engines: {node: '>=6.9.0'}

  /@babel/parser/7.20.5:
    resolution: {integrity: sha512-r27t/cy/m9uKLXQNWWebeCUHgnAZq0CpG1OwKRxzJMP1vpSU4bSIK2hq+/cp0bQxetkXx38n09rNu8jVkcK/zA==}
    engines: {node: '>=6.0.0'}
    hasBin: true
    dependencies:
      '@babel/types': 7.20.5

  /@babel/types/7.20.5:
    resolution: {integrity: sha512-c9fst/h2/dcF7H+MJKZ2T0KjEQ8hY/BNnDk/H3XY8C4Aw/eWQXWn/lWntHF9ooUBnGmEvbfGrTgLWc+um0YDUg==}
    engines: {node: '>=6.9.0'}
    dependencies:
      '@babel/helper-string-parser': 7.19.4
      '@babel/helper-validator-identifier': 7.19.1
      to-fast-properties: 2.0.0

  /@esbuild/android-arm/0.16.17:
    resolution: {integrity: sha512-N9x1CMXVhtWEAMS7pNNONyA14f71VPQN9Cnavj1XQh6T7bskqiLLrSca4O0Vr8Wdcga943eThxnVp3JLnBMYtw==, tarball: '@esbuild/android-arm/download/@esbuild/android-arm-0.16.17.tgz'}
    engines: {node: '>=12'}
    cpu: [arm]
    os: [android]
    requiresBuild: true
    optional: true

  /@esbuild/android-arm64/0.16.17:
    resolution: {integrity: sha512-MIGl6p5sc3RDTLLkYL1MyL8BMRN4tLMRCn+yRJJmEDvYZ2M7tmAf80hx1kbNEUX2KJ50RRtxZ4JHLvCfuB6kBg==, tarball: '@esbuild/android-arm64/download/@esbuild/android-arm64-0.16.17.tgz'}
    engines: {node: '>=12'}
    cpu: [arm64]
    os: [android]
    requiresBuild: true
    optional: true

  /@esbuild/android-x64/0.16.17:
    resolution: {integrity: sha512-a3kTv3m0Ghh4z1DaFEuEDfz3OLONKuFvI4Xqczqx4BqLyuFaFkuaG4j2MtA6fuWEFeC5x9IvqnX7drmRq/fyAQ==, tarball: '@esbuild/android-x64/download/@esbuild/android-x64-0.16.17.tgz'}
    engines: {node: '>=12'}
    cpu: [x64]
    os: [android]
    requiresBuild: true
    optional: true

  /@esbuild/darwin-arm64/0.16.17:
    resolution: {integrity: sha512-/2agbUEfmxWHi9ARTX6OQ/KgXnOWfsNlTeLcoV7HSuSTv63E4DqtAc+2XqGw1KHxKMHGZgbVCZge7HXWX9Vn+w==, tarball: '@esbuild/darwin-arm64/download/@esbuild/darwin-arm64-0.16.17.tgz'}
    engines: {node: '>=12'}
    cpu: [arm64]
    os: [darwin]
    requiresBuild: true
    optional: true

  /@esbuild/darwin-x64/0.16.17:
    resolution: {integrity: sha512-2By45OBHulkd9Svy5IOCZt376Aa2oOkiE9QWUK9fe6Tb+WDr8hXL3dpqi+DeLiMed8tVXspzsTAvd0jUl96wmg==, tarball: '@esbuild/darwin-x64/download/@esbuild/darwin-x64-0.16.17.tgz'}
    engines: {node: '>=12'}
    cpu: [x64]
    os: [darwin]
    requiresBuild: true
    optional: true

  /@esbuild/freebsd-arm64/0.16.17:
    resolution: {integrity: sha512-mt+cxZe1tVx489VTb4mBAOo2aKSnJ33L9fr25JXpqQqzbUIw/yzIzi+NHwAXK2qYV1lEFp4OoVeThGjUbmWmdw==, tarball: '@esbuild/freebsd-arm64/download/@esbuild/freebsd-arm64-0.16.17.tgz'}
    engines: {node: '>=12'}
    cpu: [arm64]
    os: [freebsd]
    requiresBuild: true
    optional: true

  /@esbuild/freebsd-x64/0.16.17:
    resolution: {integrity: sha512-8ScTdNJl5idAKjH8zGAsN7RuWcyHG3BAvMNpKOBaqqR7EbUhhVHOqXRdL7oZvz8WNHL2pr5+eIT5c65kA6NHug==, tarball: '@esbuild/freebsd-x64/download/@esbuild/freebsd-x64-0.16.17.tgz'}
    engines: {node: '>=12'}
    cpu: [x64]
    os: [freebsd]
    requiresBuild: true
    optional: true

  /@esbuild/linux-arm/0.16.17:
    resolution: {integrity: sha512-iihzrWbD4gIT7j3caMzKb/RsFFHCwqqbrbH9SqUSRrdXkXaygSZCZg1FybsZz57Ju7N/SHEgPyaR0LZ8Zbe9gQ==, tarball: '@esbuild/linux-arm/download/@esbuild/linux-arm-0.16.17.tgz'}
    engines: {node: '>=12'}
    cpu: [arm]
    os: [linux]
    requiresBuild: true
    optional: true

  /@esbuild/linux-arm64/0.16.17:
    resolution: {integrity: sha512-7S8gJnSlqKGVJunnMCrXHU9Q8Q/tQIxk/xL8BqAP64wchPCTzuM6W3Ra8cIa1HIflAvDnNOt2jaL17vaW+1V0g==, tarball: '@esbuild/linux-arm64/download/@esbuild/linux-arm64-0.16.17.tgz'}
    engines: {node: '>=12'}
    cpu: [arm64]
    os: [linux]
    requiresBuild: true
    optional: true

  /@esbuild/linux-ia32/0.16.17:
    resolution: {integrity: sha512-kiX69+wcPAdgl3Lonh1VI7MBr16nktEvOfViszBSxygRQqSpzv7BffMKRPMFwzeJGPxcio0pdD3kYQGpqQ2SSg==, tarball: '@esbuild/linux-ia32/download/@esbuild/linux-ia32-0.16.17.tgz'}
    engines: {node: '>=12'}
    cpu: [ia32]
    os: [linux]
    requiresBuild: true
    optional: true

  /@esbuild/linux-loong64/0.16.17:
    resolution: {integrity: sha512-dTzNnQwembNDhd654cA4QhbS9uDdXC3TKqMJjgOWsC0yNCbpzfWoXdZvp0mY7HU6nzk5E0zpRGGx3qoQg8T2DQ==, tarball: '@esbuild/linux-loong64/download/@esbuild/linux-loong64-0.16.17.tgz'}
    engines: {node: '>=12'}
    cpu: [loong64]
    os: [linux]
    requiresBuild: true
    optional: true

  /@esbuild/linux-mips64el/0.16.17:
    resolution: {integrity: sha512-ezbDkp2nDl0PfIUn0CsQ30kxfcLTlcx4Foz2kYv8qdC6ia2oX5Q3E/8m6lq84Dj/6b0FrkgD582fJMIfHhJfSw==, tarball: '@esbuild/linux-mips64el/download/@esbuild/linux-mips64el-0.16.17.tgz'}
    engines: {node: '>=12'}
    cpu: [mips64el]
    os: [linux]
    requiresBuild: true
    optional: true

  /@esbuild/linux-ppc64/0.16.17:
    resolution: {integrity: sha512-dzS678gYD1lJsW73zrFhDApLVdM3cUF2MvAa1D8K8KtcSKdLBPP4zZSLy6LFZ0jYqQdQ29bjAHJDgz0rVbLB3g==, tarball: '@esbuild/linux-ppc64/download/@esbuild/linux-ppc64-0.16.17.tgz'}
    engines: {node: '>=12'}
    cpu: [ppc64]
    os: [linux]
    requiresBuild: true
    optional: true

  /@esbuild/linux-riscv64/0.16.17:
    resolution: {integrity: sha512-ylNlVsxuFjZK8DQtNUwiMskh6nT0vI7kYl/4fZgV1llP5d6+HIeL/vmmm3jpuoo8+NuXjQVZxmKuhDApK0/cKw==, tarball: '@esbuild/linux-riscv64/download/@esbuild/linux-riscv64-0.16.17.tgz'}
    engines: {node: '>=12'}
    cpu: [riscv64]
    os: [linux]
    requiresBuild: true
    optional: true

  /@esbuild/linux-s390x/0.16.17:
    resolution: {integrity: sha512-gzy7nUTO4UA4oZ2wAMXPNBGTzZFP7mss3aKR2hH+/4UUkCOyqmjXiKpzGrY2TlEUhbbejzXVKKGazYcQTZWA/w==, tarball: '@esbuild/linux-s390x/download/@esbuild/linux-s390x-0.16.17.tgz'}
    engines: {node: '>=12'}
    cpu: [s390x]
    os: [linux]
    requiresBuild: true
    optional: true

  /@esbuild/linux-x64/0.16.17:
    resolution: {integrity: sha512-mdPjPxfnmoqhgpiEArqi4egmBAMYvaObgn4poorpUaqmvzzbvqbowRllQ+ZgzGVMGKaPkqUmPDOOFQRUFDmeUw==, tarball: '@esbuild/linux-x64/download/@esbuild/linux-x64-0.16.17.tgz'}
    engines: {node: '>=12'}
    cpu: [x64]
    os: [linux]
    requiresBuild: true
    optional: true

  /@esbuild/netbsd-x64/0.16.17:
    resolution: {integrity: sha512-/PzmzD/zyAeTUsduZa32bn0ORug+Jd1EGGAUJvqfeixoEISYpGnAezN6lnJoskauoai0Jrs+XSyvDhppCPoKOA==, tarball: '@esbuild/netbsd-x64/download/@esbuild/netbsd-x64-0.16.17.tgz'}
    engines: {node: '>=12'}
    cpu: [x64]
    os: [netbsd]
    requiresBuild: true
    optional: true

  /@esbuild/openbsd-x64/0.16.17:
    resolution: {integrity: sha512-2yaWJhvxGEz2RiftSk0UObqJa/b+rIAjnODJgv2GbGGpRwAfpgzyrg1WLK8rqA24mfZa9GvpjLcBBg8JHkoodg==, tarball: '@esbuild/openbsd-x64/download/@esbuild/openbsd-x64-0.16.17.tgz'}
    engines: {node: '>=12'}
    cpu: [x64]
    os: [openbsd]
    requiresBuild: true
    optional: true

  /@esbuild/sunos-x64/0.16.17:
    resolution: {integrity: sha512-xtVUiev38tN0R3g8VhRfN7Zl42YCJvyBhRKw1RJjwE1d2emWTVToPLNEQj/5Qxc6lVFATDiy6LjVHYhIPrLxzw==, tarball: '@esbuild/sunos-x64/download/@esbuild/sunos-x64-0.16.17.tgz'}
    engines: {node: '>=12'}
    cpu: [x64]
    os: [sunos]
    requiresBuild: true
    optional: true

  /@esbuild/win32-arm64/0.16.17:
    resolution: {integrity: sha512-ga8+JqBDHY4b6fQAmOgtJJue36scANy4l/rL97W+0wYmijhxKetzZdKOJI7olaBaMhWt8Pac2McJdZLxXWUEQw==, tarball: '@esbuild/win32-arm64/download/@esbuild/win32-arm64-0.16.17.tgz'}
    engines: {node: '>=12'}
    cpu: [arm64]
    os: [win32]
    requiresBuild: true
    optional: true

  /@esbuild/win32-ia32/0.16.17:
    resolution: {integrity: sha512-WnsKaf46uSSF/sZhwnqE4L/F89AYNMiD4YtEcYekBt9Q7nj0DiId2XH2Ng2PHM54qi5oPrQ8luuzGszqi/veig==, tarball: '@esbuild/win32-ia32/download/@esbuild/win32-ia32-0.16.17.tgz'}
    engines: {node: '>=12'}
    cpu: [ia32]
    os: [win32]
    requiresBuild: true
    optional: true

  /@esbuild/win32-x64/0.16.17:
    resolution: {integrity: sha512-y+EHuSchhL7FjHgvQL/0fnnFmO4T1bhvWANX6gcnqTjtnKWbTvUMCpGnv2+t+31d7RzyEAYAd4u2fnIhHL6N/Q==, tarball: '@esbuild/win32-x64/download/@esbuild/win32-x64-0.16.17.tgz'}
    engines: {node: '>=12'}
    cpu: [x64]
    os: [win32]
    requiresBuild: true
    optional: true

  /@mdi/font/7.1.96:
    resolution: {integrity: sha512-Imag6npmfkBDi2Ze2jiZVAPTDIKLxhz2Sx82xJ2zctyAU5LYJejLI5ChnDwiD9bMkQfVuzEsI98Q8toHyC+HCg==, tarball: '@mdi/font/download/@mdi/font-7.1.96.tgz'}
    dev: false

  /@types/node/18.14.0:
    resolution: {integrity: sha512-5EWrvLmglK+imbCJY0+INViFWUHg1AHel1sq4ZVSfdcNqGy9Edv3UB9IIzzg+xPaUcAgZYcfVs2fBcwDeZzU0A==, tarball: '@types/node/download/@types/node-18.14.0.tgz'}

  /@types/webfontloader/1.6.35:
    resolution: {integrity: sha512-IJlrsiDWq6KghQ7tPlL5tcwSUyOxLDceT+AFUY7Ylj0Fcv3/h3QkANqQxZ0B5mEpEKxhTw76vDmvrruSMV9n9Q==}
    dev: true

  /@vitejs/plugin-vue/4.0.0_vite@4.1.2+vue@3.2.47:
    resolution: {integrity: sha512-e0X4jErIxAB5oLtDqbHvHpJe/uWNkdpYV83AOG2xo2tEVSzCzewgJMtREZM30wXnM5ls90hxiOtAuVU6H5JgbA==, tarball: '@vitejs/plugin-vue/download/@vitejs/plugin-vue-4.0.0.tgz'}
    engines: {node: ^14.18.0 || >=16.0.0}
    peerDependencies:
      vite: ^4.0.0
      vue: ^3.2.25
    dependencies:
      vite: 4.1.2_@types+node@18.14.0
      vue: 3.2.47
    dev: true

  /@volar-plugins/html/2.0.0-alpha.9_rtyf4yq5jwmosu7hc4xas6edgm:
    resolution: {integrity: sha512-kxyL2HRMmCLwAc+iDDz/6ZVe9nVdC7T9uQfZBV4svC/MZUqdHhxMDp71Bqw9XWQ/vtVF0/msR3MuX95l0/blgQ==, tarball: '@volar-plugins/html/download/@volar-plugins/html-2.0.0-alpha.9.tgz'}
    peerDependencies:
      '@volar/language-service': '*'
    peerDependenciesMeta:
      '@volar/language-service':
        optional: true
    dependencies:
      '@volar/language-service': 1.2.0-alpha.16
      vscode-html-languageservice: 5.0.4
      vscode-languageserver-protocol: 3.17.3
      vscode-languageserver-textdocument: 1.0.8
    dev: true

  /@volar-plugins/pug/2.0.0-alpha.9:
    resolution: {integrity: sha512-lCJ6iIA5dKsnsN5r8ZaFcHTxb/aniHdVLMjC+IgjJnsnZqv07S+r+zMkdVZHAXccrzNsamDy5jc3BLutB5na5A==, tarball: '@volar-plugins/pug/download/@volar-plugins/pug-2.0.0-alpha.9.tgz'}
    dependencies:
      '@volar-plugins/html': 2.0.0-alpha.9_rtyf4yq5jwmosu7hc4xas6edgm
      '@volar/language-service': 1.2.0-alpha.16
      '@volar/source-map': 1.2.0-alpha.16
      muggle-string: 0.2.2
      pug-lexer: 5.0.1
      pug-parser: 6.0.0
      vscode-html-languageservice: 5.0.4
      vscode-languageserver-textdocument: 1.0.8
      vscode-languageserver-types: 3.17.2
    dev: true

  /@volar/language-core/1.2.0-alpha.16:
    resolution: {integrity: sha512-aIktWe9Zg0M+u/RIXHCuL+IoLRHTrpsbTib8olrg4etlurHDXahoVhoEnH9wmlliray0iigIo2z5vwueYInp3g==, tarball: '@volar/language-core/download/@volar/language-core-1.2.0-alpha.16.tgz'}
    dependencies:
      '@volar/source-map': 1.2.0-alpha.16
    dev: true

  /@volar/language-service/1.2.0-alpha.16:
    resolution: {integrity: sha512-ZIH3XH9FHcFuCBULtaVfc2pD1A/SUqzPvBUbQq8BeFkFYlL2t26Y2R6UMbtBIiYJyTiM1fu6BfM44qafh/inPQ==, tarball: '@volar/language-service/download/@volar/language-service-1.2.0-alpha.16.tgz'}
    dependencies:
      '@volar/language-core': 1.2.0-alpha.16
      '@volar/shared': 1.2.0-alpha.16
      '@volar/source-map': 1.2.0-alpha.16
      '@volar/typescript-faster': 1.2.0-alpha.16
      vscode-html-languageservice: 5.0.4
      vscode-json-languageservice: 5.3.0
      vscode-languageserver-protocol: 3.17.3
      vscode-languageserver-textdocument: 1.0.8
      vscode-uri: 3.0.7
    dev: true

  /@volar/shared/1.2.0-alpha.16:
    resolution: {integrity: sha512-yMtvok/AvmA0o3tVDJflrhLwWjmsB6uolGKNIvu1hbm+7fPyuO7tIJ2o8PIhlYthSQOH/eAvK9nk3xxZo5jy9w==, tarball: '@volar/shared/download/@volar/shared-1.2.0-alpha.16.tgz'}
    dependencies:
      typesafe-path: 0.2.2
      vscode-uri: 3.0.7
    dev: true

  /@volar/source-map/1.0.24:
    resolution: {integrity: sha512-Qsv/tkplx18pgBr8lKAbM1vcDqgkGKQzbChg6NW+v0CZc3G7FLmK+WrqEPzKlN7Cwdc6XVL559Nod8WKAfKr4A==, tarball: '@volar/source-map/download/@volar/source-map-1.0.24.tgz'}
    dependencies:
      muggle-string: 0.1.0
    dev: true

  /@volar/source-map/1.2.0-alpha.16:
    resolution: {integrity: sha512-/AK3VqnFqONd221COI2ZnEvfgBulfoQkjA/ZjPOXpsOkWri99TLcfZY/NTQRytp7Hx6EP/1p1DDeyGuMCUYjgA==, tarball: '@volar/source-map/download/@volar/source-map-1.2.0-alpha.16.tgz'}
    dependencies:
      muggle-string: 0.2.2
    dev: true

  /@volar/typescript-faster/1.2.0-alpha.16:
    resolution: {integrity: sha512-HxxXyhHSjVwOJ5r/NJYMglpu4+8/kfe6GnDMhpWN4iRzqimQd/R+dnn14mDAc6Mfo77RzKo9yN5O63Rybf5+iQ==, tarball: '@volar/typescript-faster/download/@volar/typescript-faster-1.2.0-alpha.16.tgz'}
    dependencies:
      semver: 7.3.8
    dev: true

  /@volar/typescript/1.2.0-alpha.16:
    resolution: {integrity: sha512-ltlTLHIkLxgmTVBZmOnhmnlNzEj2lpvlBmmaV2GWYTrBUMt0z1OgeCq0Utlj9HjjrGPhwWxZNkv86ZABgrMA3Q==, tarball: '@volar/typescript/download/@volar/typescript-1.2.0-alpha.16.tgz'}
    dependencies:
      '@volar/language-core': 1.2.0-alpha.16
    dev: true

  /@volar/vue-language-core/1.1.4:
    resolution: {integrity: sha512-2C2CwHvaT5AzNzDbYZQ85lNr4jACZARoZMZBLuU5+JyIwhWeAfxvyAeoE3VbgfgycN5t6X4uBqx/Wzh1QLgD8Q==, tarball: '@volar/vue-language-core/download/@volar/vue-language-core-1.1.4.tgz'}
    dependencies:
      '@volar/language-core': 1.2.0-alpha.16
      '@volar/source-map': 1.2.0-alpha.16
      '@vue/compiler-dom': 3.2.47
      '@vue/compiler-sfc': 3.2.47
      '@vue/reactivity': 3.2.47
      '@vue/shared': 3.2.47
      minimatch: 6.2.0
      muggle-string: 0.2.2
      vue-template-compiler: 2.7.14
    dev: true

  /@volar/vue-language-plugin-pug/1.1.4:
    resolution: {integrity: sha512-/0Ozkp6+Dp7ZoNd2xhEE/5/sx3A649wO7RaAC+DoGC9Q6T+4R/dMIIjTJyPpV8c5Gdfi4lt6etXoVG2v27loVg==, tarball: '@volar/vue-language-plugin-pug/download/@volar/vue-language-plugin-pug-1.1.4.tgz'}
    dependencies:
      '@volar-plugins/pug': 2.0.0-alpha.9
      '@volar/source-map': 1.0.24
    dev: true

  /@volar/vue-typescript/1.1.4:
    resolution: {integrity: sha512-x5i5TUUXb1PM0rM80Y8XUeMBUcoS3/TjR3WTxvvEUIol9uEOPp6uxxQQ67uSv7ocN6vB0LugJqS6FA7Z93oL0Q==, tarball: '@volar/vue-typescript/download/@volar/vue-typescript-1.1.4.tgz'}
    dependencies:
      '@volar/typescript': 1.2.0-alpha.16
      '@volar/vue-language-core': 1.1.4
    dev: true

  /@vscode/l10n/0.0.11:
    resolution: {integrity: sha512-ukOMWnCg1tCvT7WnDfsUKQOFDQGsyR5tNgRpwmqi+5/vzU3ghdDXzvIM4IOPdSb3OeSsBNvmSL8nxIVOqi2WXA==, tarball: '@vscode/l10n/download/@vscode/l10n-0.0.11.tgz'}
    dev: true

  /@vue/compiler-core/3.2.47:
    resolution: {integrity: sha512-p4D7FDnQb7+YJmO2iPEv0SQNeNzcbHdGByJDsT4lynf63AFkOTFN07HsiRSvjGo0QrxR/o3d0hUyNCUnBU2Tig==, tarball: '@vue/compiler-core/download/@vue/compiler-core-3.2.47.tgz'}
    dependencies:
      '@babel/parser': 7.20.5
      '@vue/shared': 3.2.47
      estree-walker: 2.0.2
      source-map: 0.6.1

  /@vue/compiler-dom/3.2.47:
    resolution: {integrity: sha512-dBBnEHEPoftUiS03a4ggEig74J2YBZ2UIeyfpcRM2tavgMWo4bsEfgCGsu+uJIL/vax9S+JztH8NmQerUo7shQ==, tarball: '@vue/compiler-dom/download/@vue/compiler-dom-3.2.47.tgz'}
    dependencies:
      '@vue/compiler-core': 3.2.47
      '@vue/shared': 3.2.47

  /@vue/compiler-sfc/3.2.47:
    resolution: {integrity: sha512-rog05W+2IFfxjMcFw10tM9+f7i/+FFpZJJ5XHX72NP9eC2uRD+42M3pYcQqDXVYoj74kHMSEdQ/WmCjt8JFksQ==, tarball: '@vue/compiler-sfc/download/@vue/compiler-sfc-3.2.47.tgz'}
    dependencies:
      '@babel/parser': 7.20.5
      '@vue/compiler-core': 3.2.47
      '@vue/compiler-dom': 3.2.47
      '@vue/compiler-ssr': 3.2.47
      '@vue/reactivity-transform': 3.2.47
      '@vue/shared': 3.2.47
      estree-walker: 2.0.2
      magic-string: 0.25.9
      postcss: 8.4.21
      source-map: 0.6.1

  /@vue/compiler-ssr/3.2.47:
    resolution: {integrity: sha512-wVXC+gszhulcMD8wpxMsqSOpvDZ6xKXSVWkf50Guf/S+28hTAXPDYRTbLQ3EDkOP5Xz/+SY37YiwDquKbJOgZw==, tarball: '@vue/compiler-ssr/download/@vue/compiler-ssr-3.2.47.tgz'}
    dependencies:
      '@vue/compiler-dom': 3.2.47
      '@vue/shared': 3.2.47

  /@vue/devtools-api/6.4.5:
    resolution: {integrity: sha512-JD5fcdIuFxU4fQyXUu3w2KpAJHzTVdN+p4iOX2lMWSHMOoQdMAcpFLZzm9Z/2nmsoZ1a96QEhZ26e50xLBsgOQ==}
    dev: false

  /@vue/reactivity-transform/3.2.47:
    resolution: {integrity: sha512-m8lGXw8rdnPVVIdIFhf0LeQ/ixyHkH5plYuS83yop5n7ggVJU+z5v0zecwEnX7fa7HNLBhh2qngJJkxpwEEmYA==, tarball: '@vue/reactivity-transform/download/@vue/reactivity-transform-3.2.47.tgz'}
    dependencies:
      '@babel/parser': 7.20.5
      '@vue/compiler-core': 3.2.47
      '@vue/shared': 3.2.47
      estree-walker: 2.0.2
      magic-string: 0.25.9

  /@vue/reactivity/3.2.47:
    resolution: {integrity: sha512-7khqQ/75oyyg+N/e+iwV6lpy1f5wq759NdlS1fpAhFXa8VeAIKGgk2E/C4VF59lx5b+Ezs5fpp/5WsRYXQiKxQ==, tarball: '@vue/reactivity/download/@vue/reactivity-3.2.47.tgz'}
    dependencies:
      '@vue/shared': 3.2.47

  /@vue/runtime-core/3.2.47:
    resolution: {integrity: sha512-RZxbLQIRB/K0ev0K9FXhNbBzT32H9iRtYbaXb0ZIz2usLms/D55dJR2t6cIEUn6vyhS3ALNvNthI+Q95C+NOpA==, tarball: '@vue/runtime-core/download/@vue/runtime-core-3.2.47.tgz'}
    dependencies:
      '@vue/reactivity': 3.2.47
      '@vue/shared': 3.2.47

  /@vue/runtime-dom/3.2.47:
    resolution: {integrity: sha512-ArXrFTjS6TsDei4qwNvgrdmHtD930KgSKGhS5M+j8QxXrDJYLqYw4RRcDy1bz1m1wMmb6j+zGLifdVHtkXA7gA==, tarball: '@vue/runtime-dom/download/@vue/runtime-dom-3.2.47.tgz'}
    dependencies:
      '@vue/runtime-core': 3.2.47
      '@vue/shared': 3.2.47
      csstype: 2.6.21

  /@vue/server-renderer/3.2.47_vue@3.2.47:
    resolution: {integrity: sha512-dN9gc1i8EvmP9RCzvneONXsKfBRgqFeFZLurmHOveL7oH6HiFXJw5OGu294n1nHc/HMgTy6LulU/tv5/A7f/LA==, tarball: '@vue/server-renderer/download/@vue/server-renderer-3.2.47.tgz'}
    peerDependencies:
      vue: 3.2.47
    dependencies:
      '@vue/compiler-ssr': 3.2.47
      '@vue/shared': 3.2.47
      vue: 3.2.47

  /@vue/shared/3.2.47:
    resolution: {integrity: sha512-BHGyyGN3Q97EZx0taMQ+OLNuZcW3d37ZEVmEAyeoA9ERdGvm9Irc/0Fua8SNyOtV1w6BS4q25wbMzJujO9HIfQ==, tarball: '@vue/shared/download/@vue/shared-3.2.47.tgz'}

  /@vuetify/loader-shared/1.7.1_vue@3.2.47+vuetify@3.1.5:
    resolution: {integrity: sha512-kLUvuAed6RCvkeeTNJzuy14pqnkur8lTuner7v7pNE/kVhPR97TuyXwBSBMR1cJeiLiOfu6SF5XlCYbXByEx1g==, tarball: '@vuetify/loader-shared/download/@vuetify/loader-shared-1.7.1.tgz'}
    peerDependencies:
      vue: ^3.0.0
      vuetify: ^3.0.0-beta.4
    dependencies:
      find-cache-dir: 3.3.2
      upath: 2.0.1
      vue: 3.2.47
      vuetify: 3.1.5_zhdigtlnoj4qfl4bi7c6fb2bly

  /acorn/7.4.1:
    resolution: {integrity: sha512-nQyp0o1/mNdbTO1PO6kHkwSrmgZ0MT/jCCpNiwbUjGoRN4dlBhqJtoQuCnEOKzgTVwg0ZWiCoQy6SxMebQVh8A==}
    engines: {node: '>=0.4.0'}
    hasBin: true
    dev: true

  /asap/2.0.6:
    resolution: {integrity: sha512-BSHWgDSAiKs50o2Re8ppvp3seVHXSRM44cdSsT9FfNEUUZLOGWVCsiWaRPWM1Znn+mqZ1OfVZ3z3DWEzSp7hRA==}
    dev: true

  /assert-never/1.2.1:
    resolution: {integrity: sha512-TaTivMB6pYI1kXwrFlEhLeGfOqoDNdTxjCdwRfFFkEA30Eu+k48W34nlok2EYWJfFFzqaEmichdNM7th6M5HNw==}
    dev: true

  /babel-walk/3.0.0-canary-5:
    resolution: {integrity: sha512-GAwkz0AihzY5bkwIY5QDR+LvsRQgB/B+1foMPvi0FZPMl5fjD7ICiznUiBdLYMH1QYe6vqu4gWYytZOccLouFw==}
    engines: {node: '>= 10.0.0'}
    dependencies:
      '@babel/types': 7.20.5
    dev: true

  /balanced-match/1.0.2:
    resolution: {integrity: sha1-6D46fj8wCzTLnYf2FfoMvzV2kO4=, tarball: balanced-match/download/balanced-match-1.0.2.tgz}
    dev: true

  /brace-expansion/2.0.1:
    resolution: {integrity: sha1-HtxFng8MVISG7Pn8mfIiE2S5oK4=, tarball: brace-expansion/download/brace-expansion-2.0.1.tgz}
    dependencies:
      balanced-match: 1.0.2
    dev: true

  /call-bind/1.0.2:
    resolution: {integrity: sha512-7O+FbCihrB5WGbFYesctwmTKae6rOiIzmz1icreWJ+0aA7LJfuqhEso2T9ncpcFtzMQtzXf2QGGueWJGTYsqrA==}
    dependencies:
      function-bind: 1.1.1
      get-intrinsic: 1.1.3
    dev: true

  /character-parser/2.2.0:
    resolution: {integrity: sha512-+UqJQjFEFaTAs3bNsF2j2kEN1baG/zghZbdqoYEDxGZtJo9LBzl1A+m0D4n3qKx8N2FNv8/Xp6yV9mQmBuptaw==}
    dependencies:
      is-regex: 1.1.4
    dev: true

  /commondir/1.0.1:
    resolution: {integrity: sha1-3dgA2gxmEnOTzKWVDqloo6rxJTs=, tarball: commondir/download/commondir-1.0.1.tgz}

  /constantinople/4.0.1:
    resolution: {integrity: sha512-vCrqcSIq4//Gx74TXXCGnHpulY1dskqLTFGDmhrGxzeXL8lF8kvXv6mpNWlJj1uD4DW23D4ljAqbY4RRaaUZIw==}
    dependencies:
      '@babel/parser': 7.20.5
      '@babel/types': 7.20.5
    dev: true

  /csstype/2.6.21:
    resolution: {integrity: sha512-Z1PhmomIfypOpoMjRQB70jfvy/wxT50qW08YXO5lMIJkrdq4yOTR+AW7FqutScmB9NkLwxo+jU+kZLbofZZq/w==, tarball: csstype/download/csstype-2.6.21.tgz}

  /de-indent/1.0.2:
    resolution: {integrity: sha1-sgOOhG3DO6pXlhKNCAS0VbjB4h0=, tarball: de-indent/download/de-indent-1.0.2.tgz}
    dev: true

  /debug/4.3.4:
    resolution: {integrity: sha512-PRWFHuSU3eDtQJPvnNY7Jcket1j0t5OuOsFzPPzsekD52Zl8qUfFIPEiswXqIvHWGVHOgX+7G/vCNNhehwxfkQ==, tarball: debug/download/debug-4.3.4.tgz}
    engines: {node: '>=6.0'}
    peerDependencies:
      supports-color: '*'
    peerDependenciesMeta:
      supports-color:
        optional: true
    dependencies:
      ms: 2.1.2

  /doctypes/1.1.0:
    resolution: {integrity: sha512-LLBi6pEqS6Do3EKQ3J0NqHWV5hhb78Pi8vvESYwyOy2c31ZEZVdtitdzsQsKb7878PEERhzUk0ftqGhG6Mz+pQ==}
    dev: true

  /esbuild/0.16.17:
    resolution: {integrity: sha512-G8LEkV0XzDMNwXKgM0Jwu3nY3lSTwSGY6XbxM9cr9+s0T/qSV1q1JVPBGzm3dcjhCic9+emZDmMffkwgPeOeLg==, tarball: esbuild/download/esbuild-0.16.17.tgz}
    engines: {node: '>=12'}
    hasBin: true
    requiresBuild: true
    optionalDependencies:
      '@esbuild/android-arm': 0.16.17
      '@esbuild/android-arm64': 0.16.17
      '@esbuild/android-x64': 0.16.17
      '@esbuild/darwin-arm64': 0.16.17
      '@esbuild/darwin-x64': 0.16.17
      '@esbuild/freebsd-arm64': 0.16.17
      '@esbuild/freebsd-x64': 0.16.17
      '@esbuild/linux-arm': 0.16.17
      '@esbuild/linux-arm64': 0.16.17
      '@esbuild/linux-ia32': 0.16.17
      '@esbuild/linux-loong64': 0.16.17
      '@esbuild/linux-mips64el': 0.16.17
      '@esbuild/linux-ppc64': 0.16.17
      '@esbuild/linux-riscv64': 0.16.17
      '@esbuild/linux-s390x': 0.16.17
      '@esbuild/linux-x64': 0.16.17
      '@esbuild/netbsd-x64': 0.16.17
      '@esbuild/openbsd-x64': 0.16.17
      '@esbuild/sunos-x64': 0.16.17
      '@esbuild/win32-arm64': 0.16.17
      '@esbuild/win32-ia32': 0.16.17
      '@esbuild/win32-x64': 0.16.17

  /estree-walker/2.0.2:
    resolution: {integrity: sha1-UvAQF4wqTBF6d1fP6UKtt9LaTKw=, tarball: estree-walker/download/estree-walker-2.0.2.tgz}

  /find-cache-dir/3.3.2:
    resolution: {integrity: sha1-swxbbv8HMHMa6pu9nb7L2AJW1ks=, tarball: find-cache-dir/download/find-cache-dir-3.3.2.tgz}
    engines: {node: '>=8'}
    dependencies:
      commondir: 1.0.1
      make-dir: 3.1.0
      pkg-dir: 4.2.0

  /find-up/4.1.0:
    resolution: {integrity: sha1-l6/n1s3AvFkoWEt8jXsW6KmqXRk=, tarball: find-up/download/find-up-4.1.0.tgz}
    engines: {node: '>=8'}
    dependencies:
      locate-path: 5.0.0
      path-exists: 4.0.0

  /fsevents/2.3.2:
    resolution: {integrity: sha1-ilJveLj99GI7cJ4Ll1xSwkwC/Ro=, tarball: fsevents/download/fsevents-2.3.2.tgz}
    engines: {node: ^8.16.0 || ^10.6.0 || >=11.0.0}
    os: [darwin]
    requiresBuild: true
    optional: true

  /function-bind/1.1.1:
    resolution: {integrity: sha512-yIovAzMX49sF8Yl58fSCWJ5svSLuaibPxXQJFLmBObTuCr0Mf1KiPopGM9NiFjiYBCbfaa2Fh6breQ6ANVTI0A==}

  /get-intrinsic/1.1.3:
    resolution: {integrity: sha512-QJVz1Tj7MS099PevUG5jvnt9tSkXN8K14dxQlikJuPt4uD9hHAHjLyLBiLR5zELelBdD9QNRAXZzsJx0WaDL9A==}
    dependencies:
      function-bind: 1.1.1
      has: 1.0.3
      has-symbols: 1.0.3
    dev: true

  /has-symbols/1.0.3:
    resolution: {integrity: sha512-l3LCuF6MgDNwTDKkdYGEihYjt5pRPbEg46rtlmnSPlUbgmB8LOIrKJbYYFBSbnPaJexMKtiPO8hmeRjRz2Td+A==}
    engines: {node: '>= 0.4'}
    dev: true

  /has-tostringtag/1.0.0:
    resolution: {integrity: sha512-kFjcSNhnlGV1kyoGk7OXKSawH5JOb/LzUc5w9B02hOTO0dfFRjbHQKvg1d6cf3HbeUmtU9VbbV3qzZ2Teh97WQ==}
    engines: {node: '>= 0.4'}
    dependencies:
      has-symbols: 1.0.3
    dev: true

  /has/1.0.3:
    resolution: {integrity: sha512-f2dvO0VU6Oej7RkWJGrehjbzMAjFp5/VKPp5tTpWIV4JHHZK1/BxbFRtf/siA2SWTe09caDmVtYYzWEIbBS4zw==}
    engines: {node: '>= 0.4.0'}
    dependencies:
      function-bind: 1.1.1

  /he/1.2.0:
    resolution: {integrity: sha1-hK5l+n6vsWX922FWauFLrwVmTw8=, tarball: he/download/he-1.2.0.tgz}
    hasBin: true
    dev: true

  /is-core-module/2.11.0:
    resolution: {integrity: sha512-RRjxlvLDkD1YJwDbroBHMb+cukurkDWNyHx7D3oNB5x9rb5ogcksMC5wHCadcXoo67gVr/+3GFySh3134zi6rw==, tarball: is-core-module/download/is-core-module-2.11.0.tgz}
    dependencies:
      has: 1.0.3

  /is-expression/4.0.0:
    resolution: {integrity: sha512-zMIXX63sxzG3XrkHkrAPvm/OVZVSCPNkwMHU8oTX7/U3AL78I0QXCEICXUM13BIa8TYGZ68PiTKfQz3yaTNr4A==}
    dependencies:
      acorn: 7.4.1
      object-assign: 4.1.1
    dev: true

  /is-promise/2.2.2:
    resolution: {integrity: sha512-+lP4/6lKUBfQjZ2pdxThZvLUAafmZb8OAxFb8XXtiQmS35INgr85hdOGoEs124ez1FCnZJt6jau/T+alh58QFQ==}
    dev: true

  /is-regex/1.1.4:
    resolution: {integrity: sha512-kvRdxDsxZjhzUX07ZnLydzS1TU/TJlTUHHY4YLL87e37oUA49DfkLqgy+VjFocowy29cKvcSiu+kIv728jTTVg==}
    engines: {node: '>= 0.4'}
    dependencies:
      call-bind: 1.0.2
      has-tostringtag: 1.0.0
    dev: true

  /js-stringify/1.0.2:
    resolution: {integrity: sha512-rtS5ATOo2Q5k1G+DADISilDA6lv79zIiwFd6CcjuIxGKLFm5C+RLImRscVap9k55i+MOZwgliw+NejvkLuGD5g==}
    dev: true

  /jsonc-parser/3.2.0:
    resolution: {integrity: sha512-gfFQZrcTc8CnKXp6Y4/CBT3fTc0OVuDofpre4aEeEpSBPV5X5v4+Vmx+8snU7RLPrNHPKSgLxGo9YuQzz20o+w==, tarball: jsonc-parser/download/jsonc-parser-3.2.0.tgz}
    dev: true

  /jstransformer/1.0.0:
    resolution: {integrity: sha512-C9YK3Rf8q6VAPDCCU9fnqo3mAfOH6vUGnMcP4AQAYIEpWtfGLpwOTmZ+igtdK5y+VvI2n3CyYSzy4Qh34eq24A==}
    dependencies:
      is-promise: 2.2.2
      promise: 7.3.1
    dev: true

  /locate-path/5.0.0:
    resolution: {integrity: sha1-Gvujlq/WdqbUJQTQpno6frn2KqA=, tarball: locate-path/download/locate-path-5.0.0.tgz}
    engines: {node: '>=8'}
    dependencies:
      p-locate: 4.1.0

  /lru-cache/6.0.0:
    resolution: {integrity: sha1-bW/mVw69lqr5D8rR2vo7JWbbOpQ=, tarball: lru-cache/download/lru-cache-6.0.0.tgz}
    engines: {node: '>=10'}
    dependencies:
      yallist: 4.0.0
    dev: true

  /magic-string/0.25.9:
    resolution: {integrity: sha512-RmF0AsMzgt25qzqqLc1+MbHmhdx0ojF2Fvs4XnOqz2ZOBXzzkEwc/dJQZCYHAn7v1jbVOjAZfK8msRn4BxO4VQ==, tarball: magic-string/download/magic-string-0.25.9.tgz}
    dependencies:
      sourcemap-codec: 1.4.8

  /make-dir/3.1.0:
    resolution: {integrity: sha1-QV6WcEazp/HRhSd9hKpYIDcmoT8=, tarball: make-dir/download/make-dir-3.1.0.tgz}
    engines: {node: '>=8'}
    dependencies:
      semver: 6.3.0

  /minimatch/6.2.0:
    resolution: {integrity: sha512-sauLxniAmvnhhRjFwPNnJKaPFYyddAgbYdeUpHULtCT/GhzdCx/MDNy+Y40lBxTQUrMzDE8e0S43Z5uqfO0REg==, tarball: minimatch/download/minimatch-6.2.0.tgz}
    engines: {node: '>=10'}
    dependencies:
      brace-expansion: 2.0.1
    dev: true

  /ms/2.1.2:
    resolution: {integrity: sha1-0J0fNXtEP0kzgqjrPM0YOHKuYAk=, tarball: ms/download/ms-2.1.2.tgz}

  /muggle-string/0.1.0:
    resolution: {integrity: sha512-Tr1knR3d2mKvvWthlk7202rywKbiOm4rVFLsfAaSIhJ6dt9o47W4S+JMtWhd/PW9Wrdew2/S2fSvhz3E2gkfEg==, tarball: muggle-string/download/muggle-string-0.1.0.tgz}
    dev: true

  /muggle-string/0.2.2:
    resolution: {integrity: sha512-YVE1mIJ4VpUMqZObFndk9CJu6DBJR/GB13p3tXuNbwD4XExaI5EOuRl6BHeIDxIqXZVxSfAC+y6U1Z/IxCfKUg==, tarball: muggle-string/download/muggle-string-0.2.2.tgz}
    dev: true

  /nanoid/3.3.4:
    resolution: {integrity: sha512-MqBkQh/OHTS2egovRtLk45wEyNXwF+cokD+1YPf9u5VfJiRdAiRwB2froX5Co9Rh20xs4siNPm8naNotSD6RBw==, tarball: nanoid/download/nanoid-3.3.4.tgz}
    engines: {node: ^10 || ^12 || ^13.7 || ^14 || >=15.0.1}
    hasBin: true

  /object-assign/4.1.1:
    resolution: {integrity: sha512-rJgTQnkUnH1sFw8yT6VSU3zD3sWmu6sZhIseY8VX+GRu3P6F7Fu+JNDoXfklElbLJSnc3FUQHVe4cU5hj+BcUg==}
    engines: {node: '>=0.10.0'}
    dev: true

  /p-limit/2.3.0:
    resolution: {integrity: sha1-PdM8ZHohT9//2DWTPrCG2g3CHbE=, tarball: p-limit/download/p-limit-2.3.0.tgz}
    engines: {node: '>=6'}
    dependencies:
      p-try: 2.2.0

  /p-locate/4.1.0:
    resolution: {integrity: sha1-o0KLtwiLOmApL2aRkni3wpetTwc=, tarball: p-locate/download/p-locate-4.1.0.tgz}
    engines: {node: '>=8'}
    dependencies:
      p-limit: 2.3.0

  /p-try/2.2.0:
    resolution: {integrity: sha1-yyhoVA4xPWHeWPr741zpAE1VQOY=, tarball: p-try/download/p-try-2.2.0.tgz}
    engines: {node: '>=6'}

  /path-exists/4.0.0:
    resolution: {integrity: sha1-UTvb4tO5XXdi6METfvoZXGxhtbM=, tarball: path-exists/download/path-exists-4.0.0.tgz}
    engines: {node: '>=8'}

  /path-parse/1.0.7:
    resolution: {integrity: sha1-+8EUtgykKzDZ2vWFjkvWi77bZzU=, tarball: path-parse/download/path-parse-1.0.7.tgz}

  /picocolors/1.0.0:
    resolution: {integrity: sha1-y1vcdP8/UYkiNur3nWi8RFZKuBw=, tarball: picocolors/download/picocolors-1.0.0.tgz}

  /pkg-dir/4.2.0:
    resolution: {integrity: sha1-8JkTPfft5CLoHR2ESCcO6z5CYfM=, tarball: pkg-dir/download/pkg-dir-4.2.0.tgz}
    engines: {node: '>=8'}
    dependencies:
      find-up: 4.1.0

  /postcss/8.4.21:
    resolution: {integrity: sha512-tP7u/Sn/dVxK2NnruI4H9BG+x+Wxz6oeZ1cJ8P6G/PZY0IKk4k/63TDsQf2kQq3+qoJeLm2kIBUNlZe3zgb4Zg==, tarball: postcss/download/postcss-8.4.21.tgz}
    engines: {node: ^10 || ^12 || >=14}
    dependencies:
      nanoid: 3.3.4
      picocolors: 1.0.0
      source-map-js: 1.0.2

  /promise/7.3.1:
    resolution: {integrity: sha512-nolQXZ/4L+bP/UGlkfaIujX9BKxGwmQ9OT4mOt5yvy8iK1h3wqTEJCijzGANTCCl9nWjY41juyAn2K3Q1hLLTg==}
    dependencies:
      asap: 2.0.6
    dev: true

  /pug-attrs/3.0.0:
    resolution: {integrity: sha512-azINV9dUtzPMFQktvTXciNAfAuVh/L/JCl0vtPCwvOA21uZrC08K/UnmrL+SXGEVc1FwzjW62+xw5S/uaLj6cA==}
    dependencies:
      constantinople: 4.0.1
      js-stringify: 1.0.2
      pug-runtime: 3.0.1
    dev: true

  /pug-code-gen/3.0.2:
    resolution: {integrity: sha512-nJMhW16MbiGRiyR4miDTQMRWDgKplnHyeLvioEJYbk1RsPI3FuA3saEP8uwnTb2nTJEKBU90NFVWJBk4OU5qyg==}
    dependencies:
      constantinople: 4.0.1
      doctypes: 1.1.0
      js-stringify: 1.0.2
      pug-attrs: 3.0.0
      pug-error: 2.0.0
      pug-runtime: 3.0.1
      void-elements: 3.1.0
      with: 7.0.2
    dev: true

  /pug-error/2.0.0:
    resolution: {integrity: sha512-sjiUsi9M4RAGHktC1drQfCr5C5eriu24Lfbt4s+7SykztEOwVZtbFk1RRq0tzLxcMxMYTBR+zMQaG07J/btayQ==}
    dev: true

  /pug-filters/4.0.0:
    resolution: {integrity: sha512-yeNFtq5Yxmfz0f9z2rMXGw/8/4i1cCFecw/Q7+D0V2DdtII5UvqE12VaZ2AY7ri6o5RNXiweGH79OCq+2RQU4A==}
    dependencies:
      constantinople: 4.0.1
      jstransformer: 1.0.0
      pug-error: 2.0.0
      pug-walk: 2.0.0
      resolve: 1.22.1
    dev: true

  /pug-lexer/5.0.1:
    resolution: {integrity: sha512-0I6C62+keXlZPZkOJeVam9aBLVP2EnbeDw3An+k0/QlqdwH6rv8284nko14Na7c0TtqtogfWXcRoFE4O4Ff20w==}
    dependencies:
      character-parser: 2.2.0
      is-expression: 4.0.0
      pug-error: 2.0.0
    dev: true

  /pug-linker/4.0.0:
    resolution: {integrity: sha512-gjD1yzp0yxbQqnzBAdlhbgoJL5qIFJw78juN1NpTLt/mfPJ5VgC4BvkoD3G23qKzJtIIXBbcCt6FioLSFLOHdw==}
    dependencies:
      pug-error: 2.0.0
      pug-walk: 2.0.0
    dev: true

  /pug-load/3.0.0:
    resolution: {integrity: sha512-OCjTEnhLWZBvS4zni/WUMjH2YSUosnsmjGBB1An7CsKQarYSWQ0GCVyd4eQPMFJqZ8w9xgs01QdiZXKVjk92EQ==}
    dependencies:
      object-assign: 4.1.1
      pug-walk: 2.0.0
    dev: true

  /pug-parser/6.0.0:
    resolution: {integrity: sha512-ukiYM/9cH6Cml+AOl5kETtM9NR3WulyVP2y4HOU45DyMim1IeP/OOiyEWRr6qk5I5klpsBnbuHpwKmTx6WURnw==}
    dependencies:
      pug-error: 2.0.0
      token-stream: 1.0.0
    dev: true

  /pug-runtime/3.0.1:
    resolution: {integrity: sha512-L50zbvrQ35TkpHwv0G6aLSuueDRwc/97XdY8kL3tOT0FmhgG7UypU3VztfV/LATAvmUfYi4wNxSajhSAeNN+Kg==}
    dev: true

  /pug-strip-comments/2.0.0:
    resolution: {integrity: sha512-zo8DsDpH7eTkPHCXFeAk1xZXJbyoTfdPlNR0bK7rpOMuhBYb0f5qUVCO1xlsitYd3w5FQTK7zpNVKb3rZoUrrQ==}
    dependencies:
      pug-error: 2.0.0
    dev: true

  /pug-walk/2.0.0:
    resolution: {integrity: sha512-yYELe9Q5q9IQhuvqsZNwA5hfPkMJ8u92bQLIMcsMxf/VADjNtEYptU+inlufAFYcWdHlwNfZOEnOOQrZrcyJCQ==}
    dev: true

  /pug/3.0.2:
    resolution: {integrity: sha512-bp0I/hiK1D1vChHh6EfDxtndHji55XP/ZJKwsRqrz6lRia6ZC2OZbdAymlxdVFwd1L70ebrVJw4/eZ79skrIaw==}
    dependencies:
      pug-code-gen: 3.0.2
      pug-filters: 4.0.0
      pug-lexer: 5.0.1
      pug-linker: 4.0.0
      pug-load: 3.0.0
      pug-parser: 6.0.0
      pug-runtime: 3.0.1
      pug-strip-comments: 2.0.0
    dev: true

  /resolve/1.22.1:
    resolution: {integrity: sha512-nBpuuYuY5jFsli/JIs1oldw6fOQCBioohqWZg/2hiaOybXOft4lonv85uDOKXdf8rhyK159cxU5cDcK/NKk8zw==, tarball: resolve/download/resolve-1.22.1.tgz}
    hasBin: true
    dependencies:
      is-core-module: 2.11.0
      path-parse: 1.0.7
      supports-preserve-symlinks-flag: 1.0.0

  /roboto-fontface/0.10.0:
    resolution: {integrity: sha512-OlwfYEgA2RdboZohpldlvJ1xngOins5d7ejqnIBWr9KaMxsnBqotpptRXTyfNRLnFpqzX6sTDt+X+a+6udnU8g==}
    dev: false

  /rollup/3.17.1:
    resolution: {integrity: sha512-8RnSms6rNqHmZK+wiqgnPCqen+rRnUHXkciGDirh7B00g1rX1vpKbPDhuxCvAG2bburoI+W4Q9/PlUB/zYkiYA==, tarball: rollup/download/rollup-3.17.1.tgz}
    engines: {node: '>=14.18.0', npm: '>=8.0.0'}
    hasBin: true
    optionalDependencies:
      fsevents: 2.3.2

  /semver/6.3.0:
    resolution: {integrity: sha1-7gpkyK9ejO6mdoexM3YeG+y9HT0=, tarball: semver/download/semver-6.3.0.tgz}
    hasBin: true

  /semver/7.3.8:
    resolution: {integrity: sha512-NB1ctGL5rlHrPJtFDVIVzTyQylMLu9N9VICA6HSFJo8MCGVTMW6gfpicwKmmK/dAjTOrqu5l63JJOpDSrAis3A==, tarball: semver/download/semver-7.3.8.tgz}
    engines: {node: '>=10'}
    hasBin: true
    dependencies:
      lru-cache: 6.0.0
    dev: true

  /source-map-js/1.0.2:
    resolution: {integrity: sha512-R0XvVJ9WusLiqTCEiGCmICCMplcCkIwwR11mOSD9CR5u+IXYdiseeEuXCVAjS54zqwkLcPNnmU4OeJ6tUrWhDw==, tarball: source-map-js/download/source-map-js-1.0.2.tgz}
    engines: {node: '>=0.10.0'}

  /source-map/0.6.1:
    resolution: {integrity: sha1-dHIq8y6WFOnCh6jQu95IteLxomM=, tarball: source-map/download/source-map-0.6.1.tgz}
    engines: {node: '>=0.10.0'}

  /sourcemap-codec/1.4.8:
    resolution: {integrity: sha1-6oBL2UhXQC5pktBaOO8a41qatMQ=, tarball: sourcemap-codec/download/sourcemap-codec-1.4.8.tgz}
    deprecated: Please use @jridgewell/sourcemap-codec instead

  /supports-preserve-symlinks-flag/1.0.0:
    resolution: {integrity: sha512-ot0WnXS9fgdkgIcePe6RHNk1WA8+muPa6cSjeR3V8K27q9BB1rTE3R1p7Hv0z1ZyAc8s6Vvv8DIyWf681MAt0w==, tarball: supports-preserve-symlinks-flag/download/supports-preserve-symlinks-flag-1.0.0.tgz}
    engines: {node: '>= 0.4'}

  /to-fast-properties/2.0.0:
    resolution: {integrity: sha512-/OaKK0xYrs3DmxRYqL/yDc+FxFUVYhDlXMhRmv3z915w2HF1tnN1omB354j8VUGO/hbRzyD6Y3sA7v7GS/ceog==}
    engines: {node: '>=4'}

  /token-stream/1.0.0:
    resolution: {integrity: sha512-VSsyNPPW74RpHwR8Fc21uubwHY7wMDeJLys2IX5zJNih+OnAnaifKHo+1LHT7DAdloQ7apeaaWg8l7qnf/TnEg==}
    dev: true

  /typesafe-path/0.2.2:
    resolution: {integrity: sha512-OJabfkAg1WLZSqJAJ0Z6Sdt3utnbzr/jh+NAHoyWHJe8CMSy79Gm085094M9nvTPy22KzTVn5Zq5mbapCI/hPA==, tarball: typesafe-path/download/typesafe-path-0.2.2.tgz}
    dev: true

  /typescript/4.9.5:
    resolution: {integrity: sha512-1FXk9E2Hm+QzZQ7z+McJiHL4NW1F2EzMu9Nq9i3zAaGqibafqYwCVU6WyWAuyQRRzOlxou8xZSyXLEN8oKj24g==, tarball: typescript/download/typescript-4.9.5.tgz}
    engines: {node: '>=4.2.0'}
    hasBin: true
    dev: true

  /upath/2.0.1:
    resolution: {integrity: sha1-UMc96mjW9rmQ9R0nnOYIFmXWGos=, tarball: upath/download/upath-2.0.1.tgz}
    engines: {node: '>=4'}

  /vite-plugin-vuetify/1.0.2_bzd2xmkgnfvs2h7ykv7ftxp6lq:
    resolution: {integrity: sha512-MubIcKD33O8wtgQXlbEXE7ccTEpHZ8nPpe77y9Wy3my2MWw/PgehP9VqTp92BLqr0R1dSL970Lynvisx3UxBFw==, tarball: vite-plugin-vuetify/download/vite-plugin-vuetify-1.0.2.tgz}
    engines: {node: '>=12'}
    peerDependencies:
      vite: ^2.7.0 || ^3.0.0 || ^4.0.0
      vuetify: ^3.0.0-beta.4
    dependencies:
      '@vuetify/loader-shared': 1.7.1_vue@3.2.47+vuetify@3.1.5
      debug: 4.3.4
      upath: 2.0.1
      vite: 4.1.2_@types+node@18.14.0
      vuetify: 3.1.5_zhdigtlnoj4qfl4bi7c6fb2bly
    transitivePeerDependencies:
      - supports-color
      - vue

  /vite/4.1.2_@types+node@18.14.0:
    resolution: {integrity: sha512-MWDb9Rfy3DI8omDQySbMK93nQqStwbsQWejXRY2EBzEWKmLAXWb1mkI9Yw2IJrc+oCvPCI1Os5xSSIBYY6DEAw==, tarball: vite/download/vite-4.1.2.tgz}
    engines: {node: ^14.18.0 || >=16.0.0}
    hasBin: true
    peerDependencies:
      '@types/node': '>= 14'
      less: '*'
      sass: '*'
      stylus: '*'
      sugarss: '*'
      terser: ^5.4.0
    peerDependenciesMeta:
      '@types/node':
        optional: true
      less:
        optional: true
      sass:
        optional: true
      stylus:
        optional: true
      sugarss:
        optional: true
      terser:
        optional: true
    dependencies:
      '@types/node': 18.14.0
      esbuild: 0.16.17
      postcss: 8.4.21
      resolve: 1.22.1
      rollup: 3.17.1
    optionalDependencies:
      fsevents: 2.3.2

  /void-elements/3.1.0:
    resolution: {integrity: sha512-Dhxzh5HZuiHQhbvTW9AMetFfBHDMYpo23Uo9btPXgdYP+3T5S+p+jgNy7spra+veYhBP2dCSgxR/i2Y02h5/6w==}
    engines: {node: '>=0.10.0'}
    dev: true

  /vscode-html-languageservice/5.0.4:
    resolution: {integrity: sha512-tvrySfpglu4B2rQgWGVO/IL+skvU7kBkQotRlxA7ocSyRXOZUd6GA13XHkxo8LPe07KWjeoBlN1aVGqdfTK4xA==, tarball: vscode-html-languageservice/download/vscode-html-languageservice-5.0.4.tgz}
    dependencies:
      '@vscode/l10n': 0.0.11
      vscode-languageserver-textdocument: 1.0.8
      vscode-languageserver-types: 3.17.2
      vscode-uri: 3.0.7
    dev: true

  /vscode-json-languageservice/5.3.0:
    resolution: {integrity: sha512-yVC2WpAaF1swkUBA7EqG3hmSORxI6EpTBGdGgo5DIfJpG5hrk8PzPODAhQd0gVFtTF5j4yFxFD6V1x2XBqagcg==, tarball: vscode-json-languageservice/download/vscode-json-languageservice-5.3.0.tgz}
    dependencies:
      '@vscode/l10n': 0.0.11
      jsonc-parser: 3.2.0
      vscode-languageserver-textdocument: 1.0.8
      vscode-languageserver-types: 3.17.3
      vscode-uri: 3.0.7
    dev: true

  /vscode-jsonrpc/8.1.0:
    resolution: {integrity: sha512-6TDy/abTQk+zDGYazgbIPc+4JoXdwC8NHU9Pbn4UJP1fehUyZmM4RHp5IthX7A6L5KS30PRui+j+tbbMMMafdw==, tarball: vscode-jsonrpc/download/vscode-jsonrpc-8.1.0.tgz}
    engines: {node: '>=14.0.0'}
    dev: true

  /vscode-languageserver-protocol/3.17.3:
    resolution: {integrity: sha512-924/h0AqsMtA5yK22GgMtCYiMdCOtWTSGgUOkgEDX+wk2b0x4sAfLiO4NxBxqbiVtz7K7/1/RgVrVI0NClZwqA==, tarball: vscode-languageserver-protocol/download/vscode-languageserver-protocol-3.17.3.tgz}
    dependencies:
      vscode-jsonrpc: 8.1.0
      vscode-languageserver-types: 3.17.3
    dev: true

  /vscode-languageserver-textdocument/1.0.8:
    resolution: {integrity: sha512-1bonkGqQs5/fxGT5UchTgjGVnfysL0O8v1AYMBjqTbWQTFn721zaPGDYFkOKtfDgFiSgXM3KwaG3FMGfW4Ed9Q==, tarball: vscode-languageserver-textdocument/download/vscode-languageserver-textdocument-1.0.8.tgz}
    dev: true

  /vscode-languageserver-types/3.17.2:
    resolution: {integrity: sha512-zHhCWatviizPIq9B7Vh9uvrH6x3sK8itC84HkamnBWoDFJtzBf7SWlpLCZUit72b3os45h6RWQNC9xHRDF8dRA==, tarball: vscode-languageserver-types/download/vscode-languageserver-types-3.17.2.tgz}
    dev: true

  /vscode-languageserver-types/3.17.3:
    resolution: {integrity: sha512-SYU4z1dL0PyIMd4Vj8YOqFvHu7Hz/enbWtpfnVbJHU4Nd1YNYx8u0ennumc6h48GQNeOLxmwySmnADouT/AuZA==, tarball: vscode-languageserver-types/download/vscode-languageserver-types-3.17.3.tgz}
    dev: true

  /vscode-uri/3.0.7:
    resolution: {integrity: sha512-eOpPHogvorZRobNqJGhapa0JdwaxpjVvyBp0QIUMRMSf8ZAlqOdEquKuRmw9Qwu0qXtJIWqFtMkmvJjUZmMjVA==, tarball: vscode-uri/download/vscode-uri-3.0.7.tgz}
    dev: true

  /vue-router/4.1.6_vue@3.2.47:
    resolution: {integrity: sha512-DYWYwsG6xNPmLq/FmZn8Ip+qrhFEzA14EI12MsMgVxvHFDYvlr4NXpVF5hrRH1wVcDP8fGi5F4rxuJSl8/r+EQ==}
    peerDependencies:
      vue: ^3.2.0
    dependencies:
      '@vue/devtools-api': 6.4.5
      vue: 3.2.47
    dev: false

  /vue-template-compiler/2.7.14:
    resolution: {integrity: sha512-zyA5Y3ArvVG0NacJDkkzJuPQDF8RFeRlzV2vLeSnhSpieO6LK2OVbdLPi5MPPs09Ii+gMO8nY4S3iKQxBxDmWQ==, tarball: vue-template-compiler/download/vue-template-compiler-2.7.14.tgz}
    dependencies:
      de-indent: 1.0.2
      he: 1.2.0
    dev: true

  /vue-tsc/1.1.4_typescript@4.9.5:
    resolution: {integrity: sha512-CMG8KZsBBPyulYie05XxJCfq/yAPiB/uMMeHmog09aLm2Kml82C6tUSRgQz8ujM4JoCrpDqVCd9G0NuM9aLt1g==, tarball: vue-tsc/download/vue-tsc-1.1.4.tgz}
    hasBin: true
    peerDependencies:
      typescript: '*'
    dependencies:
      '@volar/vue-language-core': 1.1.4
      '@volar/vue-typescript': 1.1.4
      typescript: 4.9.5
    dev: true

  /vue/3.2.47:
    resolution: {integrity: sha512-60188y/9Dc9WVrAZeUVSDxRQOZ+z+y5nO2ts9jWXSTkMvayiWxCWOWtBQoYjLeccfXkiiPZWAHcV+WTPhkqJHQ==, tarball: vue/download/vue-3.2.47.tgz}
    dependencies:
      '@vue/compiler-dom': 3.2.47
      '@vue/compiler-sfc': 3.2.47
      '@vue/runtime-dom': 3.2.47
      '@vue/server-renderer': 3.2.47_vue@3.2.47
      '@vue/shared': 3.2.47

  /vuetify/3.1.5_zhdigtlnoj4qfl4bi7c6fb2bly:
    resolution: {integrity: sha512-6DJYNuKrbxuL+MThmj+VbtvK9X3mY+s8Rqj1juj4RyeLSIAhE3byZf8Bo2/GxrU5Jv3zR07LZdpiq4wIl0ONzA==, tarball: vuetify/download/vuetify-3.1.5.tgz}
    engines: {node: ^12.20 || >=14.13}
    peerDependencies:
      vite-plugin-vuetify: ^1.0.0-alpha.12
      vue: ^3.2.0
      vue-i18n: ^9.0.0
      webpack-plugin-vuetify: ^2.0.0-alpha.11
    peerDependenciesMeta:
      vite-plugin-vuetify:
        optional: true
      vue-i18n:
        optional: true
      webpack-plugin-vuetify:
        optional: true
    dependencies:
      vite-plugin-vuetify: 1.0.2_bzd2xmkgnfvs2h7ykv7ftxp6lq
      vue: 3.2.47

  /webfontloader/1.6.28:
    resolution: {integrity: sha512-Egb0oFEga6f+nSgasH3E0M405Pzn6y3/9tOVanv/DLfa1YBIgcv90L18YyWnvXkRbIM17v5Kv6IT2N6g1x5tvQ==}
    dev: false

  /with/7.0.2:
    resolution: {integrity: sha512-RNGKj82nUPg3g5ygxkQl0R937xLyho1J24ItRCBTr/m1YnZkzJy1hUiHUJrc/VlsDQzsCnInEGSg3bci0Lmd4w==}
    engines: {node: '>= 10.0.0'}
    dependencies:
      '@babel/parser': 7.20.5
      '@babel/types': 7.20.5
      assert-never: 1.2.1
      babel-walk: 3.0.0-canary-5
    dev: true

  /yallist/4.0.0:
    resolution: {integrity: sha1-m7knkNnA7/7GO+c1GeEaNQGaOnI=, tarball: yallist/download/yallist-4.0.0.tgz}
    dev: true
